Microsoft Visual Studio Solution File, Format Version 12.00
# Visual Studio Version 17
VisualStudioVersion = 17.3.32519.111
MinimumVisualStudioVersion = 10.0.40219.1
Project("{FAE04EC0-301F-11D3-BF4B-00C04F79EFBC}") = "ReceiverTest", "ReceiverTest\ReceiverTest.csproj", "{8C5A3784-0B66-42DE-83F4-4C88D5DBD6F9}"
EndProject
Project("{FAE04EC0-301F-11D3-BF4B-00C04F79EFBC}") = "Sender", "Sender\Sender.csproj", "{440D2A19-A2A6-43C1-B32D-68A63A3AECA4}"
EndProject
Project("{9A19103F-16F7-4668-BE54-9A1E7A4F7556}") = "Scoreboard", "Scoreboard\Scoreboard.csproj", "{1C30473B-B7D4-4559-8CF6-27C4BE4F14B6}"
EndProject
Project("{2150E333-8FDC-42A3-9474-1A3956D46DE8}") = ".Net Standard", ".Net Standard", "{FFECDF8B-CADF-4DCE-8ADE-A15D2FD71997}"
EndProject
Project("{9A19103F-16F7-4668-BE54-9A1E7A4F7556}") = "CustomControls", "CustomControls\CustomControls.csproj", "{3985AC36-B3F0-405C-9564-87AD337B2D2E}"
EndProject
Project("{2150E333-8FDC-42A3-9474-1A3956D46DE8}") = "..Solution Items", "..Solution Items", "{B5280008-B97B-4602-A250-4981AE53A0CB}"
EndProject
Project("{2150E333-8FDC-42A3-9474-1A3956D46DE8}") = "Docs", "Docs", "{1CB6A029-D605-4AF5-97B5-494D5458886B}"
	ProjectSection(SolutionItems) = preProject
		Docs\IJF-Event-Info-Scoreboards-Protocol-v4_7.pdf = Docs\IJF-Event-Info-Scoreboards-Protocol-v4_7.pdf
		Docs\Language Helper.xlsx = Docs\Language Helper.xlsx
		Docs\Nations.xlsx = Docs\Nations.xlsx
		Notes.txt = Notes.txt
		Docs\Ptotocol.docx = Docs\Ptotocol.docx
		Docs\Score position.png = Docs\Score position.png
		Docs\Scoreboard UDP description.pdf = Docs\Scoreboard UDP description.pdf
	EndProjectSection
EndProject
Project("{9A19103F-16F7-4668-BE54-9A1E7A4F7556}") = "Classes", "..\JudoObjects\Classes\Classes.csproj", "{5186A5A0-B87F-401E-9DDF-47E8AD7C1F17}"
EndProject
Project("{FAE04EC0-301F-11D3-BF4B-00C04F79EFBC}") = "Utilities_48", "..\..\Utilities\Utilities_48\Utilities_48.csproj", "{78189640-C5D9-4440-98AB-CF6807274A30}"
EndProject
Project("{9A19103F-16F7-4668-BE54-9A1E7A4F7556}") = "Internet Sender", "Internet Sender\Internet Sender.csproj", "{56DC1887-7E8C-4A53-9DC3-A99E16978BC5}"
EndProject
Project("{9A19103F-16F7-4668-BE54-9A1E7A4F7556}") = "Scoreboards", "ScoreboardInfo\Scoreboards.csproj", "{B593044A-01DE-4381-BC44-DFF8B91793B9}"
EndProject
Project("{9A19103F-16F7-4668-BE54-9A1E7A4F7556}") = "JudoControls", "..\JudoControls\JudoControls.csproj", "{371F812E-491D-41B5-A4AA-8DCB3270B89C}"
EndProject
Project("{9A19103F-16F7-4668-BE54-9A1E7A4F7556}") = "Receiver.Core", "Receiver\Receiver.Core.csproj", "{56247C15-69EA-48C1-BA26-0CCB73912A6C}"
EndProject
Project("{9A19103F-16F7-4668-BE54-9A1E7A4F7556}") = "Judo", "Foundation\Judo.csproj", "{0A4C7944-5A70-4921-B9CF-491574C87952}"
EndProject
Project("{9A19103F-16F7-4668-BE54-9A1E7A4F7556}") = "Utilities", "..\..\Utilities\Utilities_6\Utilities.csproj", "{64BA69B0-CF70-4DD3-8333-AD8A6B9145EA}"
EndProject
Project("{2150E333-8FDC-42A3-9474-1A3956D46DE8}") = "Not Used", "Not Used", "{9B228623-5A36-4B8D-AE7A-86158FAC35BD}"
EndProject
Project("{2150E333-8FDC-42A3-9474-1A3956D46DE8}") = "Libraries", "Libraries", "{9CF5ABCA-0445-43BC-896A-CC89352592B4}"
EndProject
Project("{2150E333-8FDC-42A3-9474-1A3956D46DE8}") = "Solution Items", "Solution Items", "{93CE0348-DC5A-4B0B-B12C-6202186CA86C}"
	ProjectSection(SolutionItems) = preProject
		.editorconfig = .editorconfig
	EndProjectSection
EndProject
Project("{FAE04EC0-301F-11D3-BF4B-00C04F79EFBC}") = "Replay", "Replay\Replay.csproj", "{3F9B5621-D525-45E1-9168-F2CCDCE5A861}"
EndProject
Global
	GlobalSection(SolutionConfigurationPlatforms) = preSolution
		Debug|Any CPU = Debug|Any CPU
		Debug|x64 = Debug|x64
		Debug|x86 = Debug|x86
		Release|Any CPU = Release|Any CPU
		Release|x64 = Release|x64
		Release|x86 = Release|x86
	EndGlobalSection
	GlobalSection(ProjectConfigurationPlatforms) = postSolution
		{8C5A3784-0B66-42DE-83F4-4C88D5DBD6F9}.Debug|Any CPU.ActiveCfg = Debug|Any CPU
		{8C5A3784-0B66-42DE-83F4-4C88D5DBD6F9}.Debug|Any CPU.Build.0 = Debug|Any CPU
		{8C5A3784-0B66-42DE-83F4-4C88D5DBD6F9}.Debug|x64.ActiveCfg = Debug|Any CPU
		{8C5A3784-0B66-42DE-83F4-4C88D5DBD6F9}.Debug|x64.Build.0 = Debug|Any CPU
		{8C5A3784-0B66-42DE-83F4-4C88D5DBD6F9}.Debug|x86.ActiveCfg = Debug|Any CPU
		{8C5A3784-0B66-42DE-83F4-4C88D5DBD6F9}.Debug|x86.Build.0 = Debug|Any CPU
		{8C5A3784-0B66-42DE-83F4-4C88D5DBD6F9}.Release|Any CPU.ActiveCfg = Release|Any CPU
		{8C5A3784-0B66-42DE-83F4-4C88D5DBD6F9}.Release|Any CPU.Build.0 = Release|Any CPU
		{8C5A3784-0B66-42DE-83F4-4C88D5DBD6F9}.Release|x64.ActiveCfg = Release|Any CPU
		{8C5A3784-0B66-42DE-83F4-4C88D5DBD6F9}.Release|x64.Build.0 = Release|Any CPU
		{8C5A3784-0B66-42DE-83F4-4C88D5DBD6F9}.Release|x86.ActiveCfg = Release|Any CPU
		{8C5A3784-0B66-42DE-83F4-4C88D5DBD6F9}.Release|x86.Build.0 = Release|Any CPU
		{440D2A19-A2A6-43C1-B32D-68A63A3AECA4}.Debug|Any CPU.ActiveCfg = Debug|Any CPU
		{440D2A19-A2A6-43C1-B32D-68A63A3AECA4}.Debug|Any CPU.Build.0 = Debug|Any CPU
		{440D2A19-A2A6-43C1-B32D-68A63A3AECA4}.Debug|x64.ActiveCfg = Debug|Any CPU
		{440D2A19-A2A6-43C1-B32D-68A63A3AECA4}.Debug|x64.Build.0 = Debug|Any CPU
		{440D2A19-A2A6-43C1-B32D-68A63A3AECA4}.Debug|x86.ActiveCfg = Debug|Any CPU
		{440D2A19-A2A6-43C1-B32D-68A63A3AECA4}.Debug|x86.Build.0 = Debug|Any CPU
		{440D2A19-A2A6-43C1-B32D-68A63A3AECA4}.Release|Any CPU.ActiveCfg = Release|Any CPU
		{440D2A19-A2A6-43C1-B32D-68A63A3AECA4}.Release|Any CPU.Build.0 = Release|Any CPU
		{440D2A19-A2A6-43C1-B32D-68A63A3AECA4}.Release|x64.ActiveCfg = Release|Any CPU
		{440D2A19-A2A6-43C1-B32D-68A63A3AECA4}.Release|x64.Build.0 = Release|Any CPU
		{440D2A19-A2A6-43C1-B32D-68A63A3AECA4}.Release|x86.ActiveCfg = Release|Any CPU
		{440D2A19-A2A6-43C1-B32D-68A63A3AECA4}.Release|x86.Build.0 = Release|Any CPU
		{1C30473B-B7D4-4559-8CF6-27C4BE4F14B6}.Debug|Any CPU.ActiveCfg = Debug|Any CPU
		{1C30473B-B7D4-4559-8CF6-27C4BE4F14B6}.Debug|Any CPU.Build.0 = Debug|Any CPU
		{1C30473B-B7D4-4559-8CF6-27C4BE4F14B6}.Debug|x64.ActiveCfg = Debug|Any CPU
		{1C30473B-B7D4-4559-8CF6-27C4BE4F14B6}.Debug|x64.Build.0 = Debug|Any CPU
		{1C30473B-B7D4-4559-8CF6-27C4BE4F14B6}.Debug|x86.ActiveCfg = Debug|Any CPU
		{1C30473B-B7D4-4559-8CF6-27C4BE4F14B6}.Debug|x86.Build.0 = Debug|Any CPU
		{1C30473B-B7D4-4559-8CF6-27C4BE4F14B6}.Release|Any CPU.ActiveCfg = Release|Any CPU
		{1C30473B-B7D4-4559-8CF6-27C4BE4F14B6}.Release|Any CPU.Build.0 = Release|Any CPU
		{1C30473B-B7D4-4559-8CF6-27C4BE4F14B6}.Release|x64.ActiveCfg = Release|Any CPU
		{1C30473B-B7D4-4559-8CF6-27C4BE4F14B6}.Release|x64.Build.0 = Release|Any CPU
		{1C30473B-B7D4-4559-8CF6-27C4BE4F14B6}.Release|x86.ActiveCfg = Release|Any CPU
		{1C30473B-B7D4-4559-8CF6-27C4BE4F14B6}.Release|x86.Build.0 = Release|Any CPU
		{3985AC36-B3F0-405C-9564-87AD337B2D2E}.Debug|Any CPU.ActiveCfg = Debug|Any CPU
		{3985AC36-B3F0-405C-9564-87AD337B2D2E}.Debug|Any CPU.Build.0 = Debug|Any CPU
		{3985AC36-B3F0-405C-9564-87AD337B2D2E}.Debug|x64.ActiveCfg = Debug|Any CPU
		{3985AC36-B3F0-405C-9564-87AD337B2D2E}.Debug|x64.Build.0 = Debug|Any CPU
		{3985AC36-B3F0-405C-9564-87AD337B2D2E}.Debug|x86.ActiveCfg = Debug|Any CPU
		{3985AC36-B3F0-405C-9564-87AD337B2D2E}.Debug|x86.Build.0 = Debug|Any CPU
		{3985AC36-B3F0-405C-9564-87AD337B2D2E}.Release|Any CPU.ActiveCfg = Release|Any CPU
		{3985AC36-B3F0-405C-9564-87AD337B2D2E}.Release|Any CPU.Build.0 = Release|Any CPU
		{3985AC36-B3F0-405C-9564-87AD337B2D2E}.Release|x64.ActiveCfg = Release|Any CPU
		{3985AC36-B3F0-405C-9564-87AD337B2D2E}.Release|x64.Build.0 = Release|Any CPU
		{3985AC36-B3F0-405C-9564-87AD337B2D2E}.Release|x86.ActiveCfg = Release|Any CPU
		{3985AC36-B3F0-405C-9564-87AD337B2D2E}.Release|x86.Build.0 = Release|Any CPU
		{5186A5A0-B87F-401E-9DDF-47E8AD7C1F17}.Debug|Any CPU.ActiveCfg = Debug|Any CPU
		{5186A5A0-B87F-401E-9DDF-47E8AD7C1F17}.Debug|Any CPU.Build.0 = Debug|Any CPU
		{5186A5A0-B87F-401E-9DDF-47E8AD7C1F17}.Debug|x64.ActiveCfg = Debug|Any CPU
		{5186A5A0-B87F-401E-9DDF-47E8AD7C1F17}.Debug|x64.Build.0 = Debug|Any CPU
		{5186A5A0-B87F-401E-9DDF-47E8AD7C1F17}.Debug|x86.ActiveCfg = Debug|Any CPU
		{5186A5A0-B87F-401E-9DDF-47E8AD7C1F17}.Debug|x86.Build.0 = Debug|Any CPU
		{5186A5A0-B87F-401E-9DDF-47E8AD7C1F17}.Release|Any CPU.ActiveCfg = Release|Any CPU
		{5186A5A0-B87F-401E-9DDF-47E8AD7C1F17}.Release|Any CPU.Build.0 = Release|Any CPU
		{5186A5A0-B87F-401E-9DDF-47E8AD7C1F17}.Release|x64.ActiveCfg = Release|Any CPU
		{5186A5A0-B87F-401E-9DDF-47E8AD7C1F17}.Release|x64.Build.0 = Release|Any CPU
		{5186A5A0-B87F-401E-9DDF-47E8AD7C1F17}.Release|x86.ActiveCfg = Release|Any CPU
		{5186A5A0-B87F-401E-9DDF-47E8AD7C1F17}.Release|x86.Build.0 = Release|Any CPU
		{78189640-C5D9-4440-98AB-CF6807274A30}.Debug|Any CPU.ActiveCfg = Debug|Any CPU
		{78189640-C5D9-4440-98AB-CF6807274A30}.Debug|Any CPU.Build.0 = Debug|Any CPU
		{78189640-C5D9-4440-98AB-CF6807274A30}.Debug|x64.ActiveCfg = Debug|x64
		{78189640-C5D9-4440-98AB-CF6807274A30}.Debug|x64.Build.0 = Debug|x64
		{78189640-C5D9-4440-98AB-CF6807274A30}.Debug|x86.ActiveCfg = Debug|x86
		{78189640-C5D9-4440-98AB-CF6807274A30}.Debug|x86.Build.0 = Debug|x86
		{78189640-C5D9-4440-98AB-CF6807274A30}.Release|Any CPU.ActiveCfg = Release|Any CPU
		{78189640-C5D9-4440-98AB-CF6807274A30}.Release|Any CPU.Build.0 = Release|Any CPU
		{78189640-C5D9-4440-98AB-CF6807274A30}.Release|x64.ActiveCfg = Release|x64
		{78189640-C5D9-4440-98AB-CF6807274A30}.Release|x64.Build.0 = Release|x64
		{78189640-C5D9-4440-98AB-CF6807274A30}.Release|x86.ActiveCfg = Release|x86
		{78189640-C5D9-4440-98AB-CF6807274A30}.Release|x86.Build.0 = Release|x86
		{56DC1887-7E8C-4A53-9DC3-A99E16978BC5}.Debug|Any CPU.ActiveCfg = Debug|Any CPU
		{56DC1887-7E8C-4A53-9DC3-A99E16978BC5}.Debug|Any CPU.Build.0 = Debug|Any CPU
		{56DC1887-7E8C-4A53-9DC3-A99E16978BC5}.Debug|x64.ActiveCfg = Debug|Any CPU
		{56DC1887-7E8C-4A53-9DC3-A99E16978BC5}.Debug|x64.Build.0 = Debug|Any CPU
		{56DC1887-7E8C-4A53-9DC3-A99E16978BC5}.Debug|x86.ActiveCfg = Debug|Any CPU
		{56DC1887-7E8C-4A53-9DC3-A99E16978BC5}.Debug|x86.Build.0 = Debug|Any CPU
		{56DC1887-7E8C-4A53-9DC3-A99E16978BC5}.Release|Any CPU.ActiveCfg = Release|Any CPU
		{56DC1887-7E8C-4A53-9DC3-A99E16978BC5}.Release|Any CPU.Build.0 = Release|Any CPU
		{56DC1887-7E8C-4A53-9DC3-A99E16978BC5}.Release|x64.ActiveCfg = Release|Any CPU
		{56DC1887-7E8C-4A53-9DC3-A99E16978BC5}.Release|x64.Build.0 = Release|Any CPU
		{56DC1887-7E8C-4A53-9DC3-A99E16978BC5}.Release|x86.ActiveCfg = Release|Any CPU
		{56DC1887-7E8C-4A53-9DC3-A99E16978BC5}.Release|x86.Build.0 = Release|Any CPU
		{B593044A-01DE-4381-BC44-DFF8B91793B9}.Debug|Any CPU.ActiveCfg = Debug|Any CPU
		{B593044A-01DE-4381-BC44-DFF8B91793B9}.Debug|Any CPU.Build.0 = Debug|Any CPU
		{B593044A-01DE-4381-BC44-DFF8B91793B9}.Debug|x64.ActiveCfg = Debug|Any CPU
		{B593044A-01DE-4381-BC44-DFF8B91793B9}.Debug|x64.Build.0 = Debug|Any CPU
		{B593044A-01DE-4381-BC44-DFF8B91793B9}.Debug|x86.ActiveCfg = Debug|Any CPU
		{B593044A-01DE-4381-BC44-DFF8B91793B9}.Debug|x86.Build.0 = Debug|Any CPU
		{B593044A-01DE-4381-BC44-DFF8B91793B9}.Release|Any CPU.ActiveCfg = Release|Any CPU
		{B593044A-01DE-4381-BC44-DFF8B91793B9}.Release|Any CPU.Build.0 = Release|Any CPU
		{B593044A-01DE-4381-BC44-DFF8B91793B9}.Release|x64.ActiveCfg = Release|Any CPU
		{B593044A-01DE-4381-BC44-DFF8B91793B9}.Release|x64.Build.0 = Release|Any CPU
		{B593044A-01DE-4381-BC44-DFF8B91793B9}.Release|x86.ActiveCfg = Release|Any CPU
		{B593044A-01DE-4381-BC44-DFF8B91793B9}.Release|x86.Build.0 = Release|Any CPU
		{371F812E-491D-41B5-A4AA-8DCB3270B89C}.Debug|Any CPU.ActiveCfg = Debug|Any CPU
		{371F812E-491D-41B5-A4AA-8DCB3270B89C}.Debug|Any CPU.Build.0 = Debug|Any CPU
		{371F812E-491D-41B5-A4AA-8DCB3270B89C}.Debug|x64.ActiveCfg = Debug|Any CPU
		{371F812E-491D-41B5-A4AA-8DCB3270B89C}.Debug|x64.Build.0 = Debug|Any CPU
		{371F812E-491D-41B5-A4AA-8DCB3270B89C}.Debug|x86.ActiveCfg = Debug|Any CPU
		{371F812E-491D-41B5-A4AA-8DCB3270B89C}.Debug|x86.Build.0 = Debug|Any CPU
		{371F812E-491D-41B5-A4AA-8DCB3270B89C}.Release|Any CPU.ActiveCfg = Release|Any CPU
		{371F812E-491D-41B5-A4AA-8DCB3270B89C}.Release|Any CPU.Build.0 = Release|Any CPU
		{371F812E-491D-41B5-A4AA-8DCB3270B89C}.Release|x64.ActiveCfg = Release|Any CPU
		{371F812E-491D-41B5-A4AA-8DCB3270B89C}.Release|x64.Build.0 = Release|Any CPU
		{371F812E-491D-41B5-A4AA-8DCB3270B89C}.Release|x86.ActiveCfg = Release|Any CPU
		{371F812E-491D-41B5-A4AA-8DCB3270B89C}.Release|x86.Build.0 = Release|Any CPU
		{56247C15-69EA-48C1-BA26-0CCB73912A6C}.Debug|Any CPU.ActiveCfg = Debug|Any CPU
		{56247C15-69EA-48C1-BA26-0CCB73912A6C}.Debug|Any CPU.Build.0 = Debug|Any CPU
		{56247C15-69EA-48C1-BA26-0CCB73912A6C}.Debug|x64.ActiveCfg = Debug|Any CPU
		{56247C15-69EA-48C1-BA26-0CCB73912A6C}.Debug|x64.Build.0 = Debug|Any CPU
		{56247C15-69EA-48C1-BA26-0CCB73912A6C}.Debug|x86.ActiveCfg = Debug|Any CPU
		{56247C15-69EA-48C1-BA26-0CCB73912A6C}.Debug|x86.Build.0 = Debug|Any CPU
		{56247C15-69EA-48C1-BA26-0CCB73912A6C}.Release|Any CPU.ActiveCfg = Release|Any CPU
		{56247C15-69EA-48C1-BA26-0CCB73912A6C}.Release|Any CPU.Build.0 = Release|Any CPU
		{56247C15-69EA-48C1-BA26-0CCB73912A6C}.Release|x64.ActiveCfg = Release|Any CPU
		{56247C15-69EA-48C1-BA26-0CCB73912A6C}.Release|x64.Build.0 = Release|Any CPU
		{56247C15-69EA-48C1-BA26-0CCB73912A6C}.Release|x86.ActiveCfg = Release|Any CPU
		{56247C15-69EA-48C1-BA26-0CCB73912A6C}.Release|x86.Build.0 = Release|Any CPU
		{0A4C7944-5A70-4921-B9CF-491574C87952}.Debug|Any CPU.ActiveCfg = Debug|Any CPU
		{0A4C7944-5A70-4921-B9CF-491574C87952}.Debug|Any CPU.Build.0 = Debug|Any CPU
		{0A4C7944-5A70-4921-B9CF-491574C87952}.Debug|x64.ActiveCfg = Debug|Any CPU
		{0A4C7944-5A70-4921-B9CF-491574C87952}.Debug|x64.Build.0 = Debug|Any CPU
		{0A4C7944-5A70-4921-B9CF-491574C87952}.Debug|x86.ActiveCfg = Debug|Any CPU
		{0A4C7944-5A70-4921-B9CF-491574C87952}.Debug|x86.Build.0 = Debug|Any CPU
		{0A4C7944-5A70-4921-B9CF-491574C87952}.Release|Any CPU.ActiveCfg = Release|Any CPU
		{0A4C7944-5A70-4921-B9CF-491574C87952}.Release|Any CPU.Build.0 = Release|Any CPU
		{0A4C7944-5A70-4921-B9CF-491574C87952}.Release|x64.ActiveCfg = Release|Any CPU
		{0A4C7944-5A70-4921-B9CF-491574C87952}.Release|x64.Build.0 = Release|Any CPU
		{0A4C7944-5A70-4921-B9CF-491574C87952}.Release|x86.ActiveCfg = Release|Any CPU
		{0A4C7944-5A70-4921-B9CF-491574C87952}.Release|x86.Build.0 = Release|Any CPU
		{64BA69B0-CF70-4DD3-8333-AD8A6B9145EA}.Debug|Any CPU.ActiveCfg = Debug|Any CPU
		{64BA69B0-CF70-4DD3-8333-AD8A6B9145EA}.Debug|Any CPU.Build.0 = Debug|Any CPU
		{64BA69B0-CF70-4DD3-8333-AD8A6B9145EA}.Debug|x64.ActiveCfg = Debug|x64
		{64BA69B0-CF70-4DD3-8333-AD8A6B9145EA}.Debug|x64.Build.0 = Debug|x64
		{64BA69B0-CF70-4DD3-8333-AD8A6B9145EA}.Debug|x86.ActiveCfg = Debug|x86
		{64BA69B0-CF70-4DD3-8333-AD8A6B9145EA}.Debug|x86.Build.0 = Debug|x86
		{64BA69B0-CF70-4DD3-8333-AD8A6B9145EA}.Release|Any CPU.ActiveCfg = Release|Any CPU
		{64BA69B0-CF70-4DD3-8333-AD8A6B9145EA}.Release|Any CPU.Build.0 = Release|Any CPU
		{64BA69B0-CF70-4DD3-8333-AD8A6B9145EA}.Release|x64.ActiveCfg = Release|x64
		{64BA69B0-CF70-4DD3-8333-AD8A6B9145EA}.Release|x64.Build.0 = Release|x64
		{64BA69B0-CF70-4DD3-8333-AD8A6B9145EA}.Release|x86.ActiveCfg = Release|x86
		{64BA69B0-CF70-4DD3-8333-AD8A6B9145EA}.Release|x86.Build.0 = Release|x86
		{3F9B5621-D525-45E1-9168-F2CCDCE5A861}.Debug|Any CPU.ActiveCfg = Debug|Any CPU
		{3F9B5621-D525-45E1-9168-F2CCDCE5A861}.Debug|Any CPU.Build.0 = Debug|Any CPU
		{3F9B5621-D525-45E1-9168-F2CCDCE5A861}.Debug|x64.ActiveCfg = Debug|Any CPU
		{3F9B5621-D525-45E1-9168-F2CCDCE5A861}.Debug|x64.Build.0 = Debug|Any CPU
		{3F9B5621-D525-45E1-9168-F2CCDCE5A861}.Debug|x86.ActiveCfg = Debug|Any CPU
		{3F9B5621-D525-45E1-9168-F2CCDCE5A861}.Debug|x86.Build.0 = Debug|Any CPU
		{3F9B5621-D525-45E1-9168-F2CCDCE5A861}.Release|Any CPU.ActiveCfg = Release|Any CPU
		{3F9B5621-D525-45E1-9168-F2CCDCE5A861}.Release|Any CPU.Build.0 = Release|Any CPU
		{3F9B5621-D525-45E1-9168-F2CCDCE5A861}.Release|x64.ActiveCfg = Release|Any CPU
		{3F9B5621-D525-45E1-9168-F2CCDCE5A861}.Release|x64.Build.0 = Release|Any CPU
		{3F9B5621-D525-45E1-9168-F2CCDCE5A861}.Release|x86.ActiveCfg = Release|Any CPU
		{3F9B5621-D525-45E1-9168-F2CCDCE5A861}.Release|x86.Build.0 = Release|Any CPU
	EndGlobalSection
	GlobalSection(SolutionProperties) = preSolution
		HideSolutionNode = FALSE
	EndGlobalSection
	GlobalSection(NestedProjects) = preSolution
		{8C5A3784-0B66-42DE-83F4-4C88D5DBD6F9} = {9B228623-5A36-4B8D-AE7A-86158FAC35BD}
		{440D2A19-A2A6-43C1-B32D-68A63A3AECA4} = {9B228623-5A36-4B8D-AE7A-86158FAC35BD}
		{1C30473B-B7D4-4559-8CF6-27C4BE4F14B6} = {9CF5ABCA-0445-43BC-896A-CC89352592B4}
		{3985AC36-B3F0-405C-9564-87AD337B2D2E} = {9CF5ABCA-0445-43BC-896A-CC89352592B4}
		{1CB6A029-D605-4AF5-97B5-494D5458886B} = {B5280008-B97B-4602-A250-4981AE53A0CB}
		{5186A5A0-B87F-401E-9DDF-47E8AD7C1F17} = {9CF5ABCA-0445-43BC-896A-CC89352592B4}
		{78189640-C5D9-4440-98AB-CF6807274A30} = {9B228623-5A36-4B8D-AE7A-86158FAC35BD}
		{56DC1887-7E8C-4A53-9DC3-A99E16978BC5} = {9B228623-5A36-4B8D-AE7A-86158FAC35BD}
		{371F812E-491D-41B5-A4AA-8DCB3270B89C} = {9CF5ABCA-0445-43BC-896A-CC89352592B4}
		{56247C15-69EA-48C1-BA26-0CCB73912A6C} = {9CF5ABCA-0445-43BC-896A-CC89352592B4}
		{0A4C7944-5A70-4921-B9CF-491574C87952} = {9CF5ABCA-0445-43BC-896A-CC89352592B4}
		{64BA69B0-CF70-4DD3-8333-AD8A6B9145EA} = {9CF5ABCA-0445-43BC-896A-CC89352592B4}
	EndGlobalSection
	GlobalSection(ExtensibilityGlobals) = postSolution
		SolutionGuid = {B9498AFA-006C-49BB-B363-215FC34E8CB3}
	EndGlobalSection
EndGlobal
